// !$*UTF8*$!
{
	archiveVersion = 1;
	classes = {
	};
	objectVersion = 56;
	objects = {

/* Begin PBXBuildFile section */
		030711FE2C1BA76C0074DC86 /* ProfileViewController.swift in Sources */ = {isa = PBXBuildFile; fileRef = 030711FD2C1BA76C0074DC86 /* ProfileViewController.swift */; };
		030712002C1BB1AC0074DC86 /* SingleImageViewController.swift in Sources */ = {isa = PBXBuildFile; fileRef = 030711FF2C1BB1AC0074DC86 /* SingleImageViewController.swift */; };
		031924AD2CA8C73500CEA5B8 /* AlertPresenterDelegate.swift in Sources */ = {isa = PBXBuildFile; fileRef = 031924AC2CA8C73500CEA5B8 /* AlertPresenterDelegate.swift */; };
		031924B02CA8C7D200CEA5B8 /* AlertPresenter.swift in Sources */ = {isa = PBXBuildFile; fileRef = 031924AF2CA8C7D200CEA5B8 /* AlertPresenter.swift */; };
		031924B22CA8C7F300CEA5B8 /* AlertPresenterProtocol.swift in Sources */ = {isa = PBXBuildFile; fileRef = 031924B12CA8C7F300CEA5B8 /* AlertPresenterProtocol.swift */; };
		031924B42CA8C80900CEA5B8 /* AlertModel.swift in Sources */ = {isa = PBXBuildFile; fileRef = 031924B32CA8C80900CEA5B8 /* AlertModel.swift */; };
		031924B72CA8D21000CEA5B8 /* Kingfisher in Frameworks */ = {isa = PBXBuildFile; productRef = 031924B62CA8D21000CEA5B8 /* Kingfisher */; };
		031924BA2CA8D61600CEA5B8 /* SwiftKeychainWrapper in Frameworks */ = {isa = PBXBuildFile; productRef = 031924B92CA8D61600CEA5B8 /* SwiftKeychainWrapper */; };
		031924BD2CA9BFB100CEA5B8 /* TabBarController.swift in Sources */ = {isa = PBXBuildFile; fileRef = 031924BC2CA9BFB100CEA5B8 /* TabBarController.swift */; };
		03214C9D2CA05B93006A1899 /* ProgressHUD in Frameworks */ = {isa = PBXBuildFile; productRef = 03214C9C2CA05B93006A1899 /* ProgressHUD */; };
		03214CA02CA08229006A1899 /* UIBlockingProgressHUD.swift in Sources */ = {isa = PBXBuildFile; fileRef = 03214C9F2CA08229006A1899 /* UIBlockingProgressHUD.swift */; };
		03214CA32CA083BF006A1899 /* ProfileService.swift in Sources */ = {isa = PBXBuildFile; fileRef = 03214CA22CA083BF006A1899 /* ProfileService.swift */; };
		03214CA52CA083DE006A1899 /* Profile.swift in Sources */ = {isa = PBXBuildFile; fileRef = 03214CA42CA083DE006A1899 /* Profile.swift */; };
		03214CA72CA08409006A1899 /* ProfileImageService.swift in Sources */ = {isa = PBXBuildFile; fileRef = 03214CA62CA08409006A1899 /* ProfileImageService.swift */; };
		03214CAA2CA089EF006A1899 /* URL+Extensions.swift in Sources */ = {isa = PBXBuildFile; fileRef = 03214CA92CA089EF006A1899 /* URL+Extensions.swift */; };
		033E01842C25E79200ACFC0A /* AuthViewController.swift in Sources */ = {isa = PBXBuildFile; fileRef = 033E01822C25E79200ACFC0A /* AuthViewController.swift */; };
		033E01852C25E79200ACFC0A /* WebViewViewController.swift in Sources */ = {isa = PBXBuildFile; fileRef = 033E01832C25E79200ACFC0A /* WebViewViewController.swift */; };
		033E01892C27009E00ACFC0A /* OAuth2Service.swift in Sources */ = {isa = PBXBuildFile; fileRef = 033E01872C27009E00ACFC0A /* OAuth2Service.swift */; };
		033E018A2C27009E00ACFC0A /* OAuth2TokenStorage.swift in Sources */ = {isa = PBXBuildFile; fileRef = 033E01882C27009E00ACFC0A /* OAuth2TokenStorage.swift */; };
		033E018C2C2701C700ACFC0A /* OAuthTokenResponseBody.swift in Sources */ = {isa = PBXBuildFile; fileRef = 033E018B2C2701C700ACFC0A /* OAuthTokenResponseBody.swift */; };
		033E018F2C270FD300ACFC0A /* SplashViewController.swift in Sources */ = {isa = PBXBuildFile; fileRef = 033E018E2C270FD300ACFC0A /* SplashViewController.swift */; };
		036996242C15E85F00E4DB62 /* AppDelegate.swift in Sources */ = {isa = PBXBuildFile; fileRef = 036996232C15E85F00E4DB62 /* AppDelegate.swift */; };
		036996262C15E85F00E4DB62 /* SceneDelegate.swift in Sources */ = {isa = PBXBuildFile; fileRef = 036996252C15E85F00E4DB62 /* SceneDelegate.swift */; };
		036996282C15E85F00E4DB62 /* ImagesListViewController.swift in Sources */ = {isa = PBXBuildFile; fileRef = 036996272C15E85F00E4DB62 /* ImagesListViewController.swift */; };
		0369962B2C15E85F00E4DB62 /* Main.storyboard in Resources */ = {isa = PBXBuildFile; fileRef = 036996292C15E85F00E4DB62 /* Main.storyboard */; };
		0369962D2C15E86100E4DB62 /* Assets.xcassets in Resources */ = {isa = PBXBuildFile; fileRef = 0369962C2C15E86100E4DB62 /* Assets.xcassets */; };
		036996302C15E86100E4DB62 /* LaunchScreen.storyboard in Resources */ = {isa = PBXBuildFile; fileRef = 0369962E2C15E86100E4DB62 /* LaunchScreen.storyboard */; };
		036996382C16050400E4DB62 /* ImagesListCell.swift in Sources */ = {isa = PBXBuildFile; fileRef = 036996372C16050400E4DB62 /* ImagesListCell.swift */; };
		03A2C9152C24DAD2004449F0 /* Constants.swift in Sources */ = {isa = PBXBuildFile; fileRef = 03A2C9142C24DAD2004449F0 /* Constants.swift */; };
/* End PBXBuildFile section */

/* Begin PBXFileReference section */
		030711FD2C1BA76C0074DC86 /* ProfileViewController.swift */ = {isa = PBXFileReference; lastKnownFileType = sourcecode.swift; path = ProfileViewController.swift; sourceTree = "<group>"; };
		030711FF2C1BB1AC0074DC86 /* SingleImageViewController.swift */ = {isa = PBXFileReference; lastKnownFileType = sourcecode.swift; path = SingleImageViewController.swift; sourceTree = "<group>"; };
		031924AC2CA8C73500CEA5B8 /* AlertPresenterDelegate.swift */ = {isa = PBXFileReference; lastKnownFileType = sourcecode.swift; path = AlertPresenterDelegate.swift; sourceTree = "<group>"; };
		031924AF2CA8C7D200CEA5B8 /* AlertPresenter.swift */ = {isa = PBXFileReference; lastKnownFileType = sourcecode.swift; path = AlertPresenter.swift; sourceTree = "<group>"; };
		031924B12CA8C7F300CEA5B8 /* AlertPresenterProtocol.swift */ = {isa = PBXFileReference; lastKnownFileType = sourcecode.swift; path = AlertPresenterProtocol.swift; sourceTree = "<group>"; };
		031924B32CA8C80900CEA5B8 /* AlertModel.swift */ = {isa = PBXFileReference; lastKnownFileType = sourcecode.swift; path = AlertModel.swift; sourceTree = "<group>"; };
		031924BC2CA9BFB100CEA5B8 /* TabBarController.swift */ = {isa = PBXFileReference; lastKnownFileType = sourcecode.swift; path = TabBarController.swift; sourceTree = "<group>"; };
		03214C9F2CA08229006A1899 /* UIBlockingProgressHUD.swift */ = {isa = PBXFileReference; lastKnownFileType = sourcecode.swift; path = UIBlockingProgressHUD.swift; sourceTree = "<group>"; };
		03214CA22CA083BF006A1899 /* ProfileService.swift */ = {isa = PBXFileReference; lastKnownFileType = sourcecode.swift; path = ProfileService.swift; sourceTree = "<group>"; };
		03214CA42CA083DE006A1899 /* Profile.swift */ = {isa = PBXFileReference; lastKnownFileType = sourcecode.swift; path = Profile.swift; sourceTree = "<group>"; };
		03214CA62CA08409006A1899 /* ProfileImageService.swift */ = {isa = PBXFileReference; lastKnownFileType = sourcecode.swift; path = ProfileImageService.swift; sourceTree = "<group>"; };
		03214CA92CA089EF006A1899 /* URL+Extensions.swift */ = {isa = PBXFileReference; lastKnownFileType = sourcecode.swift; path = "URL+Extensions.swift"; sourceTree = "<group>"; };
		033E01822C25E79200ACFC0A /* AuthViewController.swift */ = {isa = PBXFileReference; fileEncoding = 4; lastKnownFileType = sourcecode.swift; path = AuthViewController.swift; sourceTree = "<group>"; };
		033E01832C25E79200ACFC0A /* WebViewViewController.swift */ = {isa = PBXFileReference; fileEncoding = 4; lastKnownFileType = sourcecode.swift; path = WebViewViewController.swift; sourceTree = "<group>"; };
		033E01872C27009E00ACFC0A /* OAuth2Service.swift */ = {isa = PBXFileReference; fileEncoding = 4; lastKnownFileType = sourcecode.swift; path = OAuth2Service.swift; sourceTree = "<group>"; };
		033E01882C27009E00ACFC0A /* OAuth2TokenStorage.swift */ = {isa = PBXFileReference; fileEncoding = 4; lastKnownFileType = sourcecode.swift; path = OAuth2TokenStorage.swift; sourceTree = "<group>"; };
		033E018B2C2701C700ACFC0A /* OAuthTokenResponseBody.swift */ = {isa = PBXFileReference; lastKnownFileType = sourcecode.swift; path = OAuthTokenResponseBody.swift; sourceTree = "<group>"; };
		033E018E2C270FD300ACFC0A /* SplashViewController.swift */ = {isa = PBXFileReference; fileEncoding = 4; lastKnownFileType = sourcecode.swift; path = SplashViewController.swift; sourceTree = "<group>"; };
		036996202C15E85F00E4DB62 /* unsplash_practice.app */ = {isa = PBXFileReference; explicitFileType = wrapper.application; includeInIndex = 0; path = unsplash_practice.app; sourceTree = BUILT_PRODUCTS_DIR; };
		036996232C15E85F00E4DB62 /* AppDelegate.swift */ = {isa = PBXFileReference; lastKnownFileType = sourcecode.swift; path = AppDelegate.swift; sourceTree = "<group>"; };
		036996252C15E85F00E4DB62 /* SceneDelegate.swift */ = {isa = PBXFileReference; lastKnownFileType = sourcecode.swift; path = SceneDelegate.swift; sourceTree = "<group>"; };
		036996272C15E85F00E4DB62 /* ImagesListViewController.swift */ = {isa = PBXFileReference; lastKnownFileType = sourcecode.swift; path = ImagesListViewController.swift; sourceTree = "<group>"; };
		0369962A2C15E85F00E4DB62 /* Base */ = {isa = PBXFileReference; lastKnownFileType = file.storyboard; name = Base; path = Base.lproj/Main.storyboard; sourceTree = "<group>"; };
		0369962C2C15E86100E4DB62 /* Assets.xcassets */ = {isa = PBXFileReference; lastKnownFileType = folder.assetcatalog; path = Assets.xcassets; sourceTree = "<group>"; };
		0369962F2C15E86100E4DB62 /* Base */ = {isa = PBXFileReference; lastKnownFileType = file.storyboard; name = Base; path = Base.lproj/LaunchScreen.storyboard; sourceTree = "<group>"; };
		036996312C15E86100E4DB62 /* Info.plist */ = {isa = PBXFileReference; lastKnownFileType = text.plist.xml; path = Info.plist; sourceTree = "<group>"; };
		036996372C16050400E4DB62 /* ImagesListCell.swift */ = {isa = PBXFileReference; lastKnownFileType = sourcecode.swift; path = ImagesListCell.swift; sourceTree = "<group>"; };
		03A2C9142C24DAD2004449F0 /* Constants.swift */ = {isa = PBXFileReference; fileEncoding = 4; lastKnownFileType = sourcecode.swift; path = Constants.swift; sourceTree = "<group>"; };
/* End PBXFileReference section */

/* Begin PBXFrameworksBuildPhase section */
		0369961D2C15E85F00E4DB62 /* Frameworks */ = {
			isa = PBXFrameworksBuildPhase;
			buildActionMask = 2147483647;
			files = (
				031924B72CA8D21000CEA5B8 /* Kingfisher in Frameworks */,
				03214C9D2CA05B93006A1899 /* ProgressHUD in Frameworks */,
				031924BA2CA8D61600CEA5B8 /* SwiftKeychainWrapper in Frameworks */,
			);
			runOnlyForDeploymentPostprocessing = 0;
		};
/* End PBXFrameworksBuildPhase section */

/* Begin PBXGroup section */
		031924AB2CA8C71900CEA5B8 /* AlertPresenter */ = {
			isa = PBXGroup;
			children = (
				031924AC2CA8C73500CEA5B8 /* AlertPresenterDelegate.swift */,
				031924AF2CA8C7D200CEA5B8 /* AlertPresenter.swift */,
				031924B12CA8C7F300CEA5B8 /* AlertPresenterProtocol.swift */,
				031924B32CA8C80900CEA5B8 /* AlertModel.swift */,
			);
			path = AlertPresenter;
			sourceTree = "<group>";
		};
		031924BB2CA9BFA200CEA5B8 /* Navigation */ = {
			isa = PBXGroup;
			children = (
				031924BC2CA9BFB100CEA5B8 /* TabBarController.swift */,
			);
			path = Navigation;
			sourceTree = "<group>";
		};
		03214C9E2CA08215006A1899 /* Helpers */ = {
			isa = PBXGroup;
			children = (
				03214C9F2CA08229006A1899 /* UIBlockingProgressHUD.swift */,
			);
			path = Helpers;
			sourceTree = "<group>";
		};
		03214CA12CA083B1006A1899 /* Profile */ = {
			isa = PBXGroup;
			children = (
				03214CA22CA083BF006A1899 /* ProfileService.swift */,
				03214CA42CA083DE006A1899 /* Profile.swift */,
				03214CA62CA08409006A1899 /* ProfileImageService.swift */,
			);
			path = Profile;
			sourceTree = "<group>";
		};
		03214CA82CA089DB006A1899 /* Extensions */ = {
			isa = PBXGroup;
			children = (
				03214CA92CA089EF006A1899 /* URL+Extensions.swift */,
			);
			path = Extensions;
			sourceTree = "<group>";
		};
		033E01812C25E79200ACFC0A /* Auth */ = {
			isa = PBXGroup;
			children = (
				033E01822C25E79200ACFC0A /* AuthViewController.swift */,
				033E01832C25E79200ACFC0A /* WebViewViewController.swift */,
			);
			path = Auth;
			sourceTree = "<group>";
		};
		033E01862C27009E00ACFC0A /* OAuth2 */ = {
			isa = PBXGroup;
			children = (
				033E01872C27009E00ACFC0A /* OAuth2Service.swift */,
				033E01882C27009E00ACFC0A /* OAuth2TokenStorage.swift */,
				033E018B2C2701C700ACFC0A /* OAuthTokenResponseBody.swift */,
			);
			path = OAuth2;
			sourceTree = "<group>";
		};
		033E018D2C270FD300ACFC0A /* SplashViewController */ = {
			isa = PBXGroup;
			children = (
				033E018E2C270FD300ACFC0A /* SplashViewController.swift */,
			);
			path = SplashViewController;
			sourceTree = "<group>";
		};
		036996172C15E85F00E4DB62 = {
			isa = PBXGroup;
			children = (
				031924BB2CA9BFA200CEA5B8 /* Navigation */,
				036996222C15E85F00E4DB62 /* unsplash_practice */,
				036996212C15E85F00E4DB62 /* Products */,
			);
			sourceTree = "<group>";
		};
		036996212C15E85F00E4DB62 /* Products */ = {
			isa = PBXGroup;
			children = (
				036996202C15E85F00E4DB62 /* unsplash_practice.app */,
			);
			name = Products;
			sourceTree = "<group>";
		};
		036996222C15E85F00E4DB62 /* unsplash_practice */ = {
			isa = PBXGroup;
			children = (
				031924AB2CA8C71900CEA5B8 /* AlertPresenter */,
				03214CA82CA089DB006A1899 /* Extensions */,
				03214CA12CA083B1006A1899 /* Profile */,
				03214C9E2CA08215006A1899 /* Helpers */,
				033E018D2C270FD300ACFC0A /* SplashViewController */,
				033E01862C27009E00ACFC0A /* OAuth2 */,
				036996232C15E85F00E4DB62 /* AppDelegate.swift */,
				036996252C15E85F00E4DB62 /* SceneDelegate.swift */,
				036996272C15E85F00E4DB62 /* ImagesListViewController.swift */,
				036996292C15E85F00E4DB62 /* Main.storyboard */,
				0369962C2C15E86100E4DB62 /* Assets.xcassets */,
				0369962E2C15E86100E4DB62 /* LaunchScreen.storyboard */,
				036996312C15E86100E4DB62 /* Info.plist */,
				036996372C16050400E4DB62 /* ImagesListCell.swift */,
				030711FD2C1BA76C0074DC86 /* ProfileViewController.swift */,
				030711FF2C1BB1AC0074DC86 /* SingleImageViewController.swift */,
				03A2C9142C24DAD2004449F0 /* Constants.swift */,
				033E01812C25E79200ACFC0A /* Auth */,
			);
			path = unsplash_practice;
			sourceTree = "<group>";
		};
/* End PBXGroup section */

/* Begin PBXNativeTarget section */
		0369961F2C15E85F00E4DB62 /* unsplash_practice */ = {
			isa = PBXNativeTarget;
			buildConfigurationList = 036996342C15E86100E4DB62 /* Build configuration list for PBXNativeTarget "unsplash_practice" */;
			buildPhases = (
				0369961C2C15E85F00E4DB62 /* Sources */,
				0369961D2C15E85F00E4DB62 /* Frameworks */,
				0369961E2C15E85F00E4DB62 /* Resources */,
			);
			buildRules = (
			);
			dependencies = (
			);
			name = unsplash_practice;
			packageProductDependencies = (
				03214C9C2CA05B93006A1899 /* ProgressHUD */,
				031924B62CA8D21000CEA5B8 /* Kingfisher */,
				031924B92CA8D61600CEA5B8 /* SwiftKeychainWrapper */,
			);
			productName = unsplash_practice;
			productReference = 036996202C15E85F00E4DB62 /* unsplash_practice.app */;
			productType = "com.apple.product-type.application";
		};
/* End PBXNativeTarget section */

/* Begin PBXProject section */
		036996182C15E85F00E4DB62 /* Project object */ = {
			isa = PBXProject;
			attributes = {
				BuildIndependentTargetsInParallel = 1;
				LastSwiftUpdateCheck = 1500;
				LastUpgradeCheck = 1500;
				TargetAttributes = {
					0369961F2C15E85F00E4DB62 = {
						CreatedOnToolsVersion = 15.0.1;
					};
				};
			};
			buildConfigurationList = 0369961B2C15E85F00E4DB62 /* Build configuration list for PBXProject "unsplash_practice" */;
			compatibilityVersion = "Xcode 14.0";
			developmentRegion = en;
			hasScannedForEncodings = 0;
			knownRegions = (
				en,
				Base,
			);
			mainGroup = 036996172C15E85F00E4DB62;
			packageReferences = (
				03214C9B2CA05B92006A1899 /* XCRemoteSwiftPackageReference "ProgressHUD" */,
				031924B52CA8D21000CEA5B8 /* XCRemoteSwiftPackageReference "Kingfisher" */,
				031924B82CA8D61600CEA5B8 /* XCRemoteSwiftPackageReference "SwiftKeychainWrapper" */,
			);
			productRefGroup = 036996212C15E85F00E4DB62 /* Products */;
			projectDirPath = "";
			projectRoot = "";
			targets = (
				0369961F2C15E85F00E4DB62 /* unsplash_practice */,
			);
		};
/* End PBXProject section */

/* Begin PBXResourcesBuildPhase section */
		0369961E2C15E85F00E4DB62 /* Resources */ = {
			isa = PBXResourcesBuildPhase;
			buildActionMask = 2147483647;
			files = (
				036996302C15E86100E4DB62 /* LaunchScreen.storyboard in Resources */,
				0369962D2C15E86100E4DB62 /* Assets.xcassets in Resources */,
				0369962B2C15E85F00E4DB62 /* Main.storyboard in Resources */,
			);
			runOnlyForDeploymentPostprocessing = 0;
		};
/* End PBXResourcesBuildPhase section */

/* Begin PBXSourcesBuildPhase section */
		0369961C2C15E85F00E4DB62 /* Sources */ = {
			isa = PBXSourcesBuildPhase;
			buildActionMask = 2147483647;
			files = (
				031924AD2CA8C73500CEA5B8 /* AlertPresenterDelegate.swift in Sources */,
				036996282C15E85F00E4DB62 /* ImagesListViewController.swift in Sources */,
				036996382C16050400E4DB62 /* ImagesListCell.swift in Sources */,
				033E018C2C2701C700ACFC0A /* OAuthTokenResponseBody.swift in Sources */,
				030711FE2C1BA76C0074DC86 /* ProfileViewController.swift in Sources */,
				031924BD2CA9BFB100CEA5B8 /* TabBarController.swift in Sources */,
				036996242C15E85F00E4DB62 /* AppDelegate.swift in Sources */,
				033E018A2C27009E00ACFC0A /* OAuth2TokenStorage.swift in Sources */,
				03214CA72CA08409006A1899 /* ProfileImageService.swift in Sources */,
				033E018F2C270FD300ACFC0A /* SplashViewController.swift in Sources */,
				033E01842C25E79200ACFC0A /* AuthViewController.swift in Sources */,
				03A2C9152C24DAD2004449F0 /* Constants.swift in Sources */,
				03214CA52CA083DE006A1899 /* Profile.swift in Sources */,
				030712002C1BB1AC0074DC86 /* SingleImageViewController.swift in Sources */,
				033E01852C25E79200ACFC0A /* WebViewViewController.swift in Sources */,
				03214CAA2CA089EF006A1899 /* URL+Extensions.swift in Sources */,
				031924B02CA8C7D200CEA5B8 /* AlertPresenter.swift in Sources */,
				033E01892C27009E00ACFC0A /* OAuth2Service.swift in Sources */,
				036996262C15E85F00E4DB62 /* SceneDelegate.swift in Sources */,
				03214CA02CA08229006A1899 /* UIBlockingProgressHUD.swift in Sources */,
				031924B22CA8C7F300CEA5B8 /* AlertPresenterProtocol.swift in Sources */,
				031924B42CA8C80900CEA5B8 /* AlertModel.swift in Sources */,
				03214CA32CA083BF006A1899 /* ProfileService.swift in Sources */,
			);
			runOnlyForDeploymentPostprocessing = 0;
		};
/* End PBXSourcesBuildPhase section */

/* Begin PBXVariantGroup section */
		036996292C15E85F00E4DB62 /* Main.storyboard */ = {
			isa = PBXVariantGroup;
			children = (
				0369962A2C15E85F00E4DB62 /* Base */,
			);
			name = Main.storyboard;
			sourceTree = "<group>";
		};
		0369962E2C15E86100E4DB62 /* LaunchScreen.storyboard */ = {
			isa = PBXVariantGroup;
			children = (
				0369962F2C15E86100E4DB62 /* Base */,
			);
			name = LaunchScreen.storyboard;
			sourceTree = "<group>";
		};
/* End PBXVariantGroup section */

/* Begin XCBuildConfiguration section */
		036996322C15E86100E4DB62 /* Debug */ = {
			isa = XCBuildConfiguration;
			buildSettings = {
				ALWAYS_SEARCH_USER_PATHS = NO;
				ASSETCATALOG_COMPILER_GENERATE_SWIFT_ASSET_SYMBOL_EXTENSIONS = YES;
				CLANG_ANALYZER_NONNULL = YES;
				CLANG_ANALYZER_NUMBER_OBJECT_CONVERSION = YES_AGGRESSIVE;
				CLANG_CXX_LANGUAGE_STANDARD = "gnu++20";
				CLANG_ENABLE_MODULES = YES;
				CLANG_ENABLE_OBJC_ARC = YES;
				CLANG_ENABLE_OBJC_WEAK = YES;
				CLANG_WARN_BLOCK_CAPTURE_AUTORELEASING = YES;
				CLANG_WARN_BOOL_CONVERSION = YES;
				CLANG_WARN_COMMA = YES;
				CLANG_WARN_CONSTANT_CONVERSION = YES;
				CLANG_WARN_DEPRECATED_OBJC_IMPLEMENTATIONS = YES;
				CLANG_WARN_DIRECT_OBJC_ISA_USAGE = YES_ERROR;
				CLANG_WARN_DOCUMENTATION_COMMENTS = YES;
				CLANG_WARN_EMPTY_BODY = YES;
				CLANG_WARN_ENUM_CONVERSION = YES;
				CLANG_WARN_INFINITE_RECURSION = YES;
				CLANG_WARN_INT_CONVERSION = YES;
				CLANG_WARN_NON_LITERAL_NULL_CONVERSION = YES;
				CLANG_WARN_OBJC_IMPLICIT_RETAIN_SELF = YES;
				CLANG_WARN_OBJC_LITERAL_CONVERSION = YES;
				CLANG_WARN_OBJC_ROOT_CLASS = YES_ERROR;
				CLANG_WARN_QUOTED_INCLUDE_IN_FRAMEWORK_HEADER = YES;
				CLANG_WARN_RANGE_LOOP_ANALYSIS = YES;
				CLANG_WARN_STRICT_PROTOTYPES = YES;
				CLANG_WARN_SUSPICIOUS_MOVE = YES;
				CLANG_WARN_UNGUARDED_AVAILABILITY = YES_AGGRESSIVE;
				CLANG_WARN_UNREACHABLE_CODE = YES;
				CLANG_WARN__DUPLICATE_METHOD_MATCH = YES;
				COPY_PHASE_STRIP = NO;
				DEBUG_INFORMATION_FORMAT = dwarf;
				ENABLE_STRICT_OBJC_MSGSEND = YES;
				ENABLE_TESTABILITY = YES;
				ENABLE_USER_SCRIPT_SANDBOXING = YES;
				GCC_C_LANGUAGE_STANDARD = gnu17;
				GCC_DYNAMIC_NO_PIC = NO;
				GCC_NO_COMMON_BLOCKS = YES;
				GCC_OPTIMIZATION_LEVEL = 0;
				GCC_PREPROCESSOR_DEFINITIONS = (
					"DEBUG=1",
					"$(inherited)",
				);
				GCC_WARN_64_TO_32_BIT_CONVERSION = YES;
				GCC_WARN_ABOUT_RETURN_TYPE = YES_ERROR;
				GCC_WARN_UNDECLARED_SELECTOR = YES;
				GCC_WARN_UNINITIALIZED_AUTOS = YES_AGGRESSIVE;
				GCC_WARN_UNUSED_FUNCTION = YES;
				GCC_WARN_UNUSED_VARIABLE = YES;
				IPHONEOS_DEPLOYMENT_TARGET = 17.0;
				LOCALIZATION_PREFERS_STRING_CATALOGS = YES;
				MTL_ENABLE_DEBUG_INFO = INCLUDE_SOURCE;
				MTL_FAST_MATH = YES;
				ONLY_ACTIVE_ARCH = YES;
				SDKROOT = iphoneos;
				SWIFT_ACTIVE_COMPILATION_CONDITIONS = "DEBUG $(inherited)";
				SWIFT_OPTIMIZATION_LEVEL = "-Onone";
			};
			name = Debug;
		};
		036996332C15E86100E4DB62 /* Release */ = {
			isa = XCBuildConfiguration;
			buildSettings = {
				ALWAYS_SEARCH_USER_PATHS = NO;
				ASSETCATALOG_COMPILER_GENERATE_SWIFT_ASSET_SYMBOL_EXTENSIONS = YES;
				CLANG_ANALYZER_NONNULL = YES;
				CLANG_ANALYZER_NUMBER_OBJECT_CONVERSION = YES_AGGRESSIVE;
				CLANG_CXX_LANGUAGE_STANDARD = "gnu++20";
				CLANG_ENABLE_MODULES = YES;
				CLANG_ENABLE_OBJC_ARC = YES;
				CLANG_ENABLE_OBJC_WEAK = YES;
				CLANG_WARN_BLOCK_CAPTURE_AUTORELEASING = YES;
				CLANG_WARN_BOOL_CONVERSION = YES;
				CLANG_WARN_COMMA = YES;
				CLANG_WARN_CONSTANT_CONVERSION = YES;
				CLANG_WARN_DEPRECATED_OBJC_IMPLEMENTATIONS = YES;
				CLANG_WARN_DIRECT_OBJC_ISA_USAGE = YES_ERROR;
				CLANG_WARN_DOCUMENTATION_COMMENTS = YES;
				CLANG_WARN_EMPTY_BODY = YES;
				CLANG_WARN_ENUM_CONVERSION = YES;
				CLANG_WARN_INFINITE_RECURSION = YES;
				CLANG_WARN_INT_CONVERSION = YES;
				CLANG_WARN_NON_LITERAL_NULL_CONVERSION = YES;
				CLANG_WARN_OBJC_IMPLICIT_RETAIN_SELF = YES;
				CLANG_WARN_OBJC_LITERAL_CONVERSION = YES;
				CLANG_WARN_OBJC_ROOT_CLASS = YES_ERROR;
				CLANG_WARN_QUOTED_INCLUDE_IN_FRAMEWORK_HEADER = YES;
				CLANG_WARN_RANGE_LOOP_ANALYSIS = YES;
				CLANG_WARN_STRICT_PROTOTYPES = YES;
				CLANG_WARN_SUSPICIOUS_MOVE = YES;
				CLANG_WARN_UNGUARDED_AVAILABILITY = YES_AGGRESSIVE;
				CLANG_WARN_UNREACHABLE_CODE = YES;
				CLANG_WARN__DUPLICATE_METHOD_MATCH = YES;
				COPY_PHASE_STRIP = NO;
				DEBUG_INFORMATION_FORMAT = "dwarf-with-dsym";
				ENABLE_NS_ASSERTIONS = NO;
				ENABLE_STRICT_OBJC_MSGSEND = YES;
				ENABLE_USER_SCRIPT_SANDBOXING = YES;
				GCC_C_LANGUAGE_STANDARD = gnu17;
				GCC_NO_COMMON_BLOCKS = YES;
				GCC_WARN_64_TO_32_BIT_CONVERSION = YES;
				GCC_WARN_ABOUT_RETURN_TYPE = YES_ERROR;
				GCC_WARN_UNDECLARED_SELECTOR = YES;
				GCC_WARN_UNINITIALIZED_AUTOS = YES_AGGRESSIVE;
				GCC_WARN_UNUSED_FUNCTION = YES;
				GCC_WARN_UNUSED_VARIABLE = YES;
				IPHONEOS_DEPLOYMENT_TARGET = 17.0;
				LOCALIZATION_PREFERS_STRING_CATALOGS = YES;
				MTL_ENABLE_DEBUG_INFO = NO;
				MTL_FAST_MATH = YES;
				SDKROOT = iphoneos;
				SWIFT_COMPILATION_MODE = wholemodule;
				VALIDATE_PRODUCT = YES;
			};
			name = Release;
		};
		036996352C15E86100E4DB62 /* Debug */ = {
			isa = XCBuildConfiguration;
			buildSettings = {
				ASSETCATALOG_COMPILER_APPICON_NAME = AppIcon;
				ASSETCATALOG_COMPILER_GLOBAL_ACCENT_COLOR_NAME = AccentColor;
				CODE_SIGN_STYLE = Automatic;
				CURRENT_PROJECT_VERSION = 1;
				DEVELOPMENT_TEAM = G5W87V8UWG;
				GENERATE_INFOPLIST_FILE = YES;
				INFOPLIST_FILE = unsplash_practice/Info.plist;
				INFOPLIST_KEY_CFBundleDisplayName = "Unsplash Practice";
				INFOPLIST_KEY_UIApplicationSupportsIndirectInputEvents = YES;
				INFOPLIST_KEY_UILaunchStoryboardName = LaunchScreen;
				INFOPLIST_KEY_UIMainStoryboardFile = Main;
				INFOPLIST_KEY_UISupportedInterfaceOrientations = UIInterfaceOrientationPortrait;
				IPHONEOS_DEPLOYMENT_TARGET = 13.0;
				LD_RUNPATH_SEARCH_PATHS = (
					"$(inherited)",
					"@executable_path/Frameworks",
				);
				MARKETING_VERSION = 1.0;
				PRODUCT_BUNDLE_IDENTIFIER = "ru.yandex.practicum.v3s314k.unsplash-practice";
				PRODUCT_NAME = "$(TARGET_NAME)";
				SUPPORTED_PLATFORMS = "iphoneos iphonesimulator";
				SUPPORTS_MACCATALYST = NO;
				SUPPORTS_MAC_DESIGNED_FOR_IPHONE_IPAD = NO;
				SWIFT_EMIT_LOC_STRINGS = YES;
				SWIFT_VERSION = 5.0;
				TARGETED_DEVICE_FAMILY = 1;
			};
			name = Debug;
		};
		036996362C15E86100E4DB62 /* Release */ = {
			isa = XCBuildConfiguration;
			buildSettings = {
				ASSETCATALOG_COMPILER_APPICON_NAME = AppIcon;
				ASSETCATALOG_COMPILER_GLOBAL_ACCENT_COLOR_NAME = AccentColor;
				CODE_SIGN_STYLE = Automatic;
				CURRENT_PROJECT_VERSION = 1;
				DEVELOPMENT_TEAM = G5W87V8UWG;
				GENERATE_INFOPLIST_FILE = YES;
				INFOPLIST_FILE = unsplash_practice/Info.plist;
				INFOPLIST_KEY_CFBundleDisplayName = "Unsplash Practice";
				INFOPLIST_KEY_UIApplicationSupportsIndirectInputEvents = YES;
				INFOPLIST_KEY_UILaunchStoryboardName = LaunchScreen;
				INFOPLIST_KEY_UIMainStoryboardFile = Main;
				INFOPLIST_KEY_UISupportedInterfaceOrientations = UIInterfaceOrientationPortrait;
				IPHONEOS_DEPLOYMENT_TARGET = 13.0;
				LD_RUNPATH_SEARCH_PATHS = (
					"$(inherited)",
					"@executable_path/Frameworks",
				);
				MARKETING_VERSION = 1.0;
				PRODUCT_BUNDLE_IDENTIFIER = "ru.yandex.practicum.v3s314k.unsplash-practice";
				PRODUCT_NAME = "$(TARGET_NAME)";
				SUPPORTED_PLATFORMS = "iphoneos iphonesimulator";
				SUPPORTS_MACCATALYST = NO;
				SUPPORTS_MAC_DESIGNED_FOR_IPHONE_IPAD = NO;
				SWIFT_EMIT_LOC_STRINGS = YES;
				SWIFT_VERSION = 5.0;
				TARGETED_DEVICE_FAMILY = 1;
			};
			name = Release;
		};
/* End XCBuildConfiguration section */

/* Begin XCConfigurationList section */
		0369961B2C15E85F00E4DB62 /* Build configuration list for PBXProject "unsplash_practice" */ = {
			isa = XCConfigurationList;
			buildConfigurations = (
				036996322C15E86100E4DB62 /* Debug */,
				036996332C15E86100E4DB62 /* Release */,
			);
			defaultConfigurationIsVisible = 0;
			defaultConfigurationName = Release;
		};
		036996342C15E86100E4DB62 /* Build configuration list for PBXNativeTarget "unsplash_practice" */ = {
			isa = XCConfigurationList;
			buildConfigurations = (
				036996352C15E86100E4DB62 /* Debug */,
				036996362C15E86100E4DB62 /* Release */,
			);
			defaultConfigurationIsVisible = 0;
			defaultConfigurationName = Release;
		};
/* End XCConfigurationList section */

/* Begin XCRemoteSwiftPackageReference section */
		031924B52CA8D21000CEA5B8 /* XCRemoteSwiftPackageReference "Kingfisher" */ = {
			isa = XCRemoteSwiftPackageReference;
			repositoryURL = "https://github.com/onevcat/Kingfisher.git";
			requirement = {
				kind = upToNextMajorVersion;
				minimumVersion = 8.0.3;
			};
		};
		031924B82CA8D61600CEA5B8 /* XCRemoteSwiftPackageReference "SwiftKeychainWrapper" */ = {
			isa = XCRemoteSwiftPackageReference;
			repositoryURL = "https://github.com/jrendel/SwiftKeychainWrapper";
			requirement = {
				kind = upToNextMajorVersion;
				minimumVersion = 4.0.1;
			};
		};
		03214C9B2CA05B92006A1899 /* XCRemoteSwiftPackageReference "ProgressHUD" */ = {
			isa = XCRemoteSwiftPackageReference;
			repositoryURL = "https://github.com/relatedcode/ProgressHUD";
			requirement = {
				kind = exactVersion;
				version = 14.1.3;
			};
		};
/* End XCRemoteSwiftPackageReference section */

/* Begin XCSwiftPackageProductDependency section */
		031924B62CA8D21000CEA5B8 /* Kingfisher */ = {
			isa = XCSwiftPackageProductDependency;
			package = 031924B52CA8D21000CEA5B8 /* XCRemoteSwiftPackageReference "Kingfisher" */;
			productName = Kingfisher;
		};
		031924B92CA8D61600CEA5B8 /* SwiftKeychainWrapper */ = {
			isa = XCSwiftPackageProductDependency;
			package = 031924B82CA8D61600CEA5B8 /* XCRemoteSwiftPackageReference "SwiftKeychainWrapper" */;
			productName = SwiftKeychainWrapper;
		};
		03214C9C2CA05B93006A1899 /* ProgressHUD */ = {
			isa = XCSwiftPackageProductDependency;
			package = 03214C9B2CA05B92006A1899 /* XCRemoteSwiftPackageReference "ProgressHUD" */;
			productName = ProgressHUD;
		};
/* End XCSwiftPackageProductDependency section */
	};
	rootObject = 036996182C15E85F00E4DB62 /* Project object */;
}
